
Microsoft Visual Studio Solution File, Format Version 12.00
# Visual Studio 14
VisualStudioVersion = 14.0.25420.1
MinimumVisualStudioVersion = 10.0.40219.1
Project("{2150E333-8FDC-42A3-9474-1A3956D46DE8}") = "PAYROLL", "PAYROLL", "{129249E6-4580-420E-9F37-70DA5A8B60B9}"
EndProject
Project("{FAE04EC0-301F-11D3-BF4B-00C04F79EFBC}") = "NUBE.PAYROLL.PL", "PAYROLL\NUBE.PAYROLL.PL\NUBE.PAYROLL.PL.csproj", "{64002891-FFD8-4B36-A267-A2A65A4D2C48}"
EndProject
Project("{FAE04EC0-301F-11D3-BF4B-00C04F79EFBC}") = "NUBE.PAYROLL.SL", "PAYROLL\NUBE.PAYROLL.SL\NUBE.PAYROLL.SL.csproj", "{0664207D-8766-43F2-88C4-D7603731C4F0}"
EndProject
Project("{FAE04EC0-301F-11D3-BF4B-00C04F79EFBC}") = "NUBE.PAYROLL.DAL", "PAYROLL\NUBE.PAYROLL.DAL\NUBE.PAYROLL.DAL.csproj", "{9E1192F6-CD99-49CC-B4E2-69747B0FA8CC}"
EndProject
Project("{FAE04EC0-301F-11D3-BF4B-00C04F79EFBC}") = "NUBE.PAYROLL.MSG", "PAYROLL\NUBE.PAYROLL.MSG\NUBE.PAYROLL.MSG.csproj", "{DDEAEE55-62BE-4E8A-8EAC-43C89219F35A}"
EndProject
Project("{FAE04EC0-301F-11D3-BF4B-00C04F79EFBC}") = "NUBE.PAYROLL.RPT", "PAYROLL\NUBE.PAYROLL.RPT\NUBE.PAYROLL.RPT.csproj", "{E87B7A76-3507-4CE5-9D79-BFE733964A37}"
EndProject
Project("{FAE04EC0-301F-11D3-BF4B-00C04F79EFBC}") = "NUBE.PAYROLL.CMN", "PAYROLL\NUBE.PAYROLL.CMN\NUBE.PAYROLL.CMN.csproj", "{ABEFF615-DB30-4EE5-A9A9-AF04CA2E8253}"
EndProject
Project("{FAE04EC0-301F-11D3-BF4B-00C04F79EFBC}") = "NUBE.PAYROLL.BLL", "PAYROLL\NUBE.PAYROLL.BLL\NUBE.PAYROLL.BLL.csproj", "{BB8FFD01-6869-41F3-8CD6-876ED2E5ABA5}"
EndProject
Global
	GlobalSection(SolutionConfigurationPlatforms) = preSolution
		Debug|Any CPU = Debug|Any CPU
		Release|Any CPU = Release|Any CPU
	EndGlobalSection
	GlobalSection(ProjectConfigurationPlatforms) = postSolution
		{64002891-FFD8-4B36-A267-A2A65A4D2C48}.Debug|Any CPU.ActiveCfg = Debug|Any CPU
		{64002891-FFD8-4B36-A267-A2A65A4D2C48}.Debug|Any CPU.Build.0 = Debug|Any CPU
		{64002891-FFD8-4B36-A267-A2A65A4D2C48}.Release|Any CPU.ActiveCfg = Release|Any CPU
		{64002891-FFD8-4B36-A267-A2A65A4D2C48}.Release|Any CPU.Build.0 = Release|Any CPU
		{0664207D-8766-43F2-88C4-D7603731C4F0}.Debug|Any CPU.ActiveCfg = Debug|Any CPU
		{0664207D-8766-43F2-88C4-D7603731C4F0}.Debug|Any CPU.Build.0 = Debug|Any CPU
		{0664207D-8766-43F2-88C4-D7603731C4F0}.Release|Any CPU.ActiveCfg = Release|Any CPU
		{0664207D-8766-43F2-88C4-D7603731C4F0}.Release|Any CPU.Build.0 = Release|Any CPU
		{9E1192F6-CD99-49CC-B4E2-69747B0FA8CC}.Debug|Any CPU.ActiveCfg = Debug|Any CPU
		{9E1192F6-CD99-49CC-B4E2-69747B0FA8CC}.Debug|Any CPU.Build.0 = Debug|Any CPU
		{9E1192F6-CD99-49CC-B4E2-69747B0FA8CC}.Release|Any CPU.ActiveCfg = Release|Any CPU
		{9E1192F6-CD99-49CC-B4E2-69747B0FA8CC}.Release|Any CPU.Build.0 = Release|Any CPU
		{DDEAEE55-62BE-4E8A-8EAC-43C89219F35A}.Debug|Any CPU.ActiveCfg = Debug|Any CPU
		{DDEAEE55-62BE-4E8A-8EAC-43C89219F35A}.Debug|Any CPU.Build.0 = Debug|Any CPU
		{DDEAEE55-62BE-4E8A-8EAC-43C89219F35A}.Release|Any CPU.ActiveCfg = Release|Any CPU
		{DDEAEE55-62BE-4E8A-8EAC-43C89219F35A}.Release|Any CPU.Build.0 = Release|Any CPU
		{E87B7A76-3507-4CE5-9D79-BFE733964A37}.Debug|Any CPU.ActiveCfg = Debug|Any CPU
		{E87B7A76-3507-4CE5-9D79-BFE733964A37}.Debug|Any CPU.Build.0 = Debug|Any CPU
		{E87B7A76-3507-4CE5-9D79-BFE733964A37}.Release|Any CPU.ActiveCfg = Release|Any CPU
		{E87B7A76-3507-4CE5-9D79-BFE733964A37}.Release|Any CPU.Build.0 = Release|Any CPU
		{ABEFF615-DB30-4EE5-A9A9-AF04CA2E8253}.Debug|Any CPU.ActiveCfg = Debug|Any CPU
		{ABEFF615-DB30-4EE5-A9A9-AF04CA2E8253}.Debug|Any CPU.Build.0 = Debug|Any CPU
		{ABEFF615-DB30-4EE5-A9A9-AF04CA2E8253}.Release|Any CPU.ActiveCfg = Release|Any CPU
		{ABEFF615-DB30-4EE5-A9A9-AF04CA2E8253}.Release|Any CPU.Build.0 = Release|Any CPU
		{BB8FFD01-6869-41F3-8CD6-876ED2E5ABA5}.Debug|Any CPU.ActiveCfg = Debug|Any CPU
		{BB8FFD01-6869-41F3-8CD6-876ED2E5ABA5}.Debug|Any CPU.Build.0 = Debug|Any CPU
		{BB8FFD01-6869-41F3-8CD6-876ED2E5ABA5}.Release|Any CPU.ActiveCfg = Release|Any CPU
		{BB8FFD01-6869-41F3-8CD6-876ED2E5ABA5}.Release|Any CPU.Build.0 = Release|Any CPU
	EndGlobalSection
	GlobalSection(SolutionProperties) = preSolution
		HideSolutionNode = FALSE
	EndGlobalSection
	GlobalSection(NestedProjects) = preSolution
		{64002891-FFD8-4B36-A267-A2A65A4D2C48} = {129249E6-4580-420E-9F37-70DA5A8B60B9}
		{0664207D-8766-43F2-88C4-D7603731C4F0} = {129249E6-4580-420E-9F37-70DA5A8B60B9}
		{9E1192F6-CD99-49CC-B4E2-69747B0FA8CC} = {129249E6-4580-420E-9F37-70DA5A8B60B9}
		{DDEAEE55-62BE-4E8A-8EAC-43C89219F35A} = {129249E6-4580-420E-9F37-70DA5A8B60B9}
		{E87B7A76-3507-4CE5-9D79-BFE733964A37} = {129249E6-4580-420E-9F37-70DA5A8B60B9}
		{ABEFF615-DB30-4EE5-A9A9-AF04CA2E8253} = {129249E6-4580-420E-9F37-70DA5A8B60B9}
		{BB8FFD01-6869-41F3-8CD6-876ED2E5ABA5} = {129249E6-4580-420E-9F37-70DA5A8B60B9}
	EndGlobalSection
EndGlobal
